
Microsoft Visual Studio Solution File, Format Version 12.00
# Visual Studio Version 17
VisualStudioVersion = 17.10.35122.118
MinimumVisualStudioVersion = 10.0.40219.1
Project("{9A19103F-16F7-4668-BE54-9A1E7A4F7556}") = "Web", "Web\Web.csproj", "{1EB4B52A-6FFF-4C3B-9278-C5398EFA6E9B}"
EndProject
Project("{FAE04EC0-301F-11D3-BF4B-00C04F79EFBC}") = "Domain", "Domain\Domain.csproj", "{9BFCE2D5-5068-4416-9194-FCEB8EF5DC53}"
EndProject
Project("{FAE04EC0-301F-11D3-BF4B-00C04F79EFBC}") = "Infra", "Infra\Infra.csproj", "{824C823D-F691-4FE9-B04B-C619A5C0CA71}"
EndProject
Global
	GlobalSection(SolutionConfigurationPlatforms) = preSolution
		Debug|Any CPU = Debug|Any CPU
		Release|Any CPU = Release|Any CPU
	EndGlobalSection
	GlobalSection(ProjectConfigurationPlatforms) = postSolution
		{1EB4B52A-6FFF-4C3B-9278-C5398EFA6E9B}.Debug|Any CPU.ActiveCfg = Debug|Any CPU
		{1EB4B52A-6FFF-4C3B-9278-C5398EFA6E9B}.Debug|Any CPU.Build.0 = Debug|Any CPU
		{1EB4B52A-6FFF-4C3B-9278-C5398EFA6E9B}.Release|Any CPU.ActiveCfg = Release|Any CPU
		{1EB4B52A-6FFF-4C3B-9278-C5398EFA6E9B}.Release|Any CPU.Build.0 = Release|Any CPU
		{9BFCE2D5-5068-4416-9194-FCEB8EF5DC53}.Debug|Any CPU.ActiveCfg = Debug|Any CPU
		{9BFCE2D5-5068-4416-9194-FCEB8EF5DC53}.Debug|Any CPU.Build.0 = Debug|Any CPU
		{9BFCE2D5-5068-4416-9194-FCEB8EF5DC53}.Release|Any CPU.ActiveCfg = Release|Any CPU
		{9BFCE2D5-5068-4416-9194-FCEB8EF5DC53}.Release|Any CPU.Build.0 = Release|Any CPU
		{824C823D-F691-4FE9-B04B-C619A5C0CA71}.Debug|Any CPU.ActiveCfg = Debug|Any CPU
		{824C823D-F691-4FE9-B04B-C619A5C0CA71}.Debug|Any CPU.Build.0 = Debug|Any CPU
		{824C823D-F691-4FE9-B04B-C619A5C0CA71}.Release|Any CPU.ActiveCfg = Release|Any CPU
		{824C823D-F691-4FE9-B04B-C619A5C0CA71}.Release|Any CPU.Build.0 = Release|Any CPU
	EndGlobalSection
	GlobalSection(SolutionProperties) = preSolution
		HideSolutionNode = FALSE
	EndGlobalSection
	GlobalSection(ExtensibilityGlobals) = postSolution
		SolutionGuid = {3E4C07AA-1F93-4ED5-8352-495B30362ADC}
	EndGlobalSection
EndGlobal
